
Microsoft Visual Studio Solution File, Format Version 12.00
# Visual Studio Version 17
VisualStudioVersion = 17.14.36109.1 d17.14
MinimumVisualStudioVersion = 10.0.40219.1
Project("{FAE04EC0-301F-11D3-BF4B-00C04F79EFBC}") = "LiveTrackingMap", "LiveTrackingMap\LiveTrackingMap.csproj", "{6FA479A3-D462-470A-AD4B-638D54493290}"
EndProject
Global
	GlobalSection(SolutionConfigurationPlatforms) = preSolution
		Debug|Any CPU = Debug|Any CPU
		Release|Any CPU = Release|Any CPU
	EndGlobalSection
	GlobalSection(ProjectConfigurationPlatforms) = postSolution
		{6FA479A3-D462-470A-AD4B-638D54493290}.Debug|Any CPU.ActiveCfg = Debug|Any CPU
		{6FA479A3-D462-470A-AD4B-638D54493290}.Debug|Any CPU.Build.0 = Debug|Any CPU
		{6FA479A3-D462-470A-AD4B-638D54493290}.Release|Any CPU.ActiveCfg = Release|Any CPU
		{6FA479A3-D462-470A-AD4B-638D54493290}.Release|Any CPU.Build.0 = Release|Any CPU
	EndGlobalSection
	GlobalSection(SolutionProperties) = preSolution
		HideSolutionNode = FALSE
	EndGlobalSection
	GlobalSection(ExtensibilityGlobals) = postSolution
		SolutionGuid = {5FA7E713-B8F3-44ED-889F-83A38C81BE58}
	EndGlobalSection
EndGlobal
